
Microsoft Visual Studio Solution File, Format Version 12.00
# Visual Studio Version 17
VisualStudioVersion = 17.10.34916.146
MinimumVisualStudioVersion = 10.0.40219.1
Project("{FAE04EC0-301F-11D3-BF4B-00C04F79EFBC}") = "Gerenciamento-eventos", "Gerenciamento-eventos\Gerenciamento-eventos.csproj", "{4C8CB92A-2BD3-4F9F-8506-3F24C5A17F97}"
EndProject
Global
	GlobalSection(SolutionConfigurationPlatforms) = preSolution
		Debug|Any CPU = Debug|Any CPU
		Release|Any CPU = Release|Any CPU
	EndGlobalSection
	GlobalSection(ProjectConfigurationPlatforms) = postSolution
		{4C8CB92A-2BD3-4F9F-8506-3F24C5A17F97}.Debug|Any CPU.ActiveCfg = Debug|Any CPU
		{4C8CB92A-2BD3-4F9F-8506-3F24C5A17F97}.Debug|Any CPU.Build.0 = Debug|Any CPU
		{4C8CB92A-2BD3-4F9F-8506-3F24C5A17F97}.Release|Any CPU.ActiveCfg = Release|Any CPU
		{4C8CB92A-2BD3-4F9F-8506-3F24C5A17F97}.Release|Any CPU.Build.0 = Release|Any CPU
	EndGlobalSection
	GlobalSection(SolutionProperties) = preSolution
		HideSolutionNode = FALSE
	EndGlobalSection
	GlobalSection(ExtensibilityGlobals) = postSolution
		SolutionGuid = {C313F94B-9238-4864-B644-104D4E451875}
	EndGlobalSection
EndGlobal
